# This file was autogenerated by uv via the following command:
#    uv pip compile requirements-runtime.in --constraint requirements.lock --python .venv/bin/python -o requirements-runtime.lock
annotated-types==0.8.0
    # via
    #   -c requirements.lock
    #   pydantic
anyio==4.15.1
    # via
    #   -c requirements.lock
    #   starlette
click==8.5.0
    # via
    #   -c requirements.lock
    #   uvicorn
coloredlogs==15.0.1
    # via
    #   -c requirements.lock
    #   onnxruntime
fastapi==0.115.6
    # via
    #   -c requirements.lock
    #   -r requirements-runtime.in
flatbuffers==25.12.19
    # via
    #   -c requirements.lock
    #   onnxruntime
h11==0.16.0
    # via
    #   -c requirements.lock
    #   uvicorn
humanfriendly==10.0
    # via
    #   -c requirements.lock
    #   coloredlogs
idna==3.19
    # via
    #   -c requirements.lock
    #   anyio
mpmath==1.3.0
    # via
    #   -c requirements.lock
    #   sympy
numpy==1.26.4
    # via
    #   -c requirements.lock
    #   -r requirements-runtime.in
    #   onnxruntime
onnxruntime==1.20.1
    # via
    #   -c requirements.lock
    #   -r requirements-runtime.in
packaging==26.3
    # via
    #   -c requirements.lock
    #   onnxruntime
protobuf==7.36.1
    # via
    #   -c requirements.lock
    #   onnxruntime
pydantic==2.10.4
    # via
    #   -c requirements.lock
    #   -r requirements-runtime.in
    #   fastapi
pydantic-core==2.27.2
    # via
    #   -c requirements.lock
    #   pydantic
starlette==0.41.3
    # via
    #   -c requirements.lock
    #   fastapi
sympy==1.14.0
    # via
    #   -c requirements.lock
    #   onnxruntime
typing-extensions==4.16.0
    # via
    #   -c requirements.lock
    #   anyio
    #   fastapi
    #   pydantic
    #   pydantic-core
uvicorn==0.34.0
    # via
    #   -c requirements.lock
    #   -r requirements-runtime.in
